
Microsoft Visual Studio Solution File, Format Version 12.00
# Visual Studio Version 17
VisualStudioVersion = 17.13.35913.81 d17.13
MinimumVisualStudioVersion = 10.0.40219.1
Project("{FAE04EC0-301F-11D3-BF4B-00C04F79EFBC}") = "CompteRenduBox", "CompteRenduBox\CompteRenduBox.csproj", "{29EBB82E-868A-4A1D-B0FA-67A2511A50E7}"
EndProject
Global
	GlobalSection(SolutionConfigurationPlatforms) = preSolution
		Debug|Any CPU = Debug|Any CPU
		Release|Any CPU = Release|Any CPU
	EndGlobalSection
	GlobalSection(ProjectConfigurationPlatforms) = postSolution
		{29EBB82E-868A-4A1D-B0FA-67A2511A50E7}.Debug|Any CPU.ActiveCfg = Debug|Any CPU
		{29EBB82E-868A-4A1D-B0FA-67A2511A50E7}.Debug|Any CPU.Build.0 = Debug|Any CPU
		{29EBB82E-868A-4A1D-B0FA-67A2511A50E7}.Release|Any CPU.ActiveCfg = Release|Any CPU
		{29EBB82E-868A-4A1D-B0FA-67A2511A50E7}.Release|Any CPU.Build.0 = Release|Any CPU
	EndGlobalSection
	GlobalSection(SolutionProperties) = preSolution
		HideSolutionNode = FALSE
	EndGlobalSection
	GlobalSection(ExtensibilityGlobals) = postSolution
		SolutionGuid = {5333D580-DB70-4FB6-B39B-CDD9C83C973A}
	EndGlobalSection
EndGlobal
